{
  "originHash" : "14bf20219e4224d0f40effeeadd215bc012975bc56f7d8cd80f90078bb65501b",
  "pins" : [
    {
      "identity" : "agentic",
      "kind" : "remoteSourceControl",
      "location" : "https://github.com/leviouwendijk/Agentic.git",
      "state" : {
        "branch" : "master",
        "revision" : "c452798d7a02cef14a811a4cca0c590a773db67b"
      }
    },
    {
      "identity" : "dsl",
      "kind" : "remoteSourceControl",
      "location" : "https://github.com/leviouwendijk/DSL.git",
      "state" : {
        "branch" : "master",
        "revision" : "30ec6798f883b91f697d060bb001e0e4f7a09225"
      }
    },
    {
      "identity" : "guidelines",
      "kind" : "remoteSourceControl",
      "location" : "https://github.com/leviouwendijk/Guidelines.git",
      "state" : {
        "branch" : "master",
        "revision" : "0a5bd3f30af7eaeb79c0ac37007f10322920f95a"
      }
    },
    {
      "identity" : "primitives",
      "kind" : "remoteSourceControl",
      "location" : "https://github.com/leviouwendijk/Primitives.git",
      "state" : {
        "branch" : "master",
        "revision" : "e626fa0746aee024729bf56549e774d13aa17099"
      }
    },
    {
      "identity" : "schema",
      "kind" : "remoteSourceControl",
      "location" : "https://github.com/leviouwendijk/Schema.git",
      "state" : {
        "branch" : "master",
        "revision" : "f23bd9c256f0d7b428c30db68bcd097a3a19c63a"
      }
    }
  ],
  "version" : 3
}
